{
  "projects": [
    {
      "projectId": "3JWqxZzoKRrJsc2DDFbDv6",
      "version": "latest",
      "dependencies": {},
      "lang": "ts",
      "fileLocks": [
        {
          "type": "globalVariant",
          "assetId": "INFJgs8erst3",
          "checksum": "9495a0e11bd762b17cb0112edf2e5ca1"
        },
        {
          "type": "globalVariant",
          "assetId": "veNqPZ4alD3P",
          "checksum": "f05d2257266cdff4848a42224566263b"
        },
        {
          "assetId": "3JWqxZzoKRrJsc2DDFbDv6",
          "type": "projectCss",
          "checksum": "86b3dc3d99351820b51416ccb136807b"
        },
        {
          "type": "renderModule",
          "assetId": "SK4pkfO0dWvn",
          "checksum": "486316aaa8e1c9cbc1875966cac50af8"
        },
        {
          "type": "cssRules",
          "assetId": "SK4pkfO0dWvn",
          "checksum": "486316aaa8e1c9cbc1875966cac50af8"
        },
        {
          "type": "renderModule",
          "assetId": "TZb0PBNLsrhB",
          "checksum": "aa197c27ac5a93267ac98995e74fa195"
        },
        {
          "type": "cssRules",
          "assetId": "TZb0PBNLsrhB",
          "checksum": "aa197c27ac5a93267ac98995e74fa195"
        },
        {
          "type": "renderModule",
          "assetId": "OnofSvKPZQXN",
          "checksum": "06a261f0c25bc41d20b600be6e27295c"
        },
        {
          "type": "cssRules",
          "assetId": "OnofSvKPZQXN",
          "checksum": "06a261f0c25bc41d20b600be6e27295c"
        },
        {
          "type": "renderModule",
          "assetId": "tNzsSEy0iSL1",
          "checksum": "8eb3e5f6d25eea1467610dfd149e5bce"
        },
        {
          "type": "cssRules",
          "assetId": "tNzsSEy0iSL1",
          "checksum": "8eb3e5f6d25eea1467610dfd149e5bce"
        },
        {
          "type": "renderModule",
          "assetId": "0FQ0TW9a8jJY",
          "checksum": "0f7a3a837210bff3ca14d38d03cf5ffd"
        },
        {
          "type": "cssRules",
          "assetId": "0FQ0TW9a8jJY",
          "checksum": "0f7a3a837210bff3ca14d38d03cf5ffd"
        },
        {
          "type": "renderModule",
          "assetId": "LQXP4Xk-Q5Fs",
          "checksum": "1c1d57d704b36575395500406898402e"
        },
        {
          "type": "cssRules",
          "assetId": "LQXP4Xk-Q5Fs",
          "checksum": "1c1d57d704b36575395500406898402e"
        },
        {
          "type": "renderModule",
          "assetId": "1PHBjj-cdUhJ",
          "checksum": "db15a30f4c1efcc6dbb46fab10493f0f"
        },
        {
          "type": "cssRules",
          "assetId": "1PHBjj-cdUhJ",
          "checksum": "db15a30f4c1efcc6dbb46fab10493f0f"
        },
        {
          "type": "renderModule",
          "assetId": "kT12fwgDl81L",
          "checksum": "847c82c142193f297afe3d467525c71d"
        },
        {
          "type": "cssRules",
          "assetId": "kT12fwgDl81L",
          "checksum": "847c82c142193f297afe3d467525c71d"
        },
        {
          "type": "renderModule",
          "assetId": "hislRnUG9pzt",
          "checksum": "bcf4a91ee6d03a240f218d40e83f2e19"
        },
        {
          "type": "cssRules",
          "assetId": "hislRnUG9pzt",
          "checksum": "bcf4a91ee6d03a240f218d40e83f2e19"
        },
        {
          "type": "renderModule",
          "assetId": "SUHChT6biWAS",
          "checksum": "3fa9c6587633816f55139243d07d08fd"
        },
        {
          "type": "cssRules",
          "assetId": "SUHChT6biWAS",
          "checksum": "3fa9c6587633816f55139243d07d08fd"
        },
        {
          "type": "renderModule",
          "assetId": "HXWMDMNI3AFp",
          "checksum": "017affd25f21cabeb7997b0ebd391b6a"
        },
        {
          "type": "cssRules",
          "assetId": "HXWMDMNI3AFp",
          "checksum": "017affd25f21cabeb7997b0ebd391b6a"
        },
        {
          "type": "renderModule",
          "assetId": "eNs1hw2AxfEz",
          "checksum": "9998d050707d578317e8c413a8d9b01e"
        },
        {
          "type": "cssRules",
          "assetId": "eNs1hw2AxfEz",
          "checksum": "9998d050707d578317e8c413a8d9b01e"
        },
        {
          "type": "renderModule",
          "assetId": "ujHEXRZAA1vX",
          "checksum": "aee37fe525dfc31bca02776fc67405e3"
        },
        {
          "type": "cssRules",
          "assetId": "ujHEXRZAA1vX",
          "checksum": "aee37fe525dfc31bca02776fc67405e3"
        },
        {
          "type": "renderModule",
          "assetId": "Y5KeU1iBP0Qv",
          "checksum": "79c4725e0893f4cdea3248527754d8e7"
        },
        {
          "type": "cssRules",
          "assetId": "Y5KeU1iBP0Qv",
          "checksum": "79c4725e0893f4cdea3248527754d8e7"
        },
        {
          "type": "renderModule",
          "assetId": "9hpHSJ11OoAM",
          "checksum": "5c22b3e97bfe6ae6702c43ffd07495bc"
        },
        {
          "type": "cssRules",
          "assetId": "9hpHSJ11OoAM",
          "checksum": "5c22b3e97bfe6ae6702c43ffd07495bc"
        },
        {
          "type": "renderModule",
          "assetId": "Eset4ZMH0hOX",
          "checksum": "e65599a9db068dd58dcea73f0a483416"
        },
        {
          "type": "cssRules",
          "assetId": "Eset4ZMH0hOX",
          "checksum": "e65599a9db068dd58dcea73f0a483416"
        },
        {
          "type": "renderModule",
          "assetId": "ZyV-MW8MdOs7",
          "checksum": "8f45e08b79e3b90327302e0f5527eb1c"
        },
        {
          "type": "cssRules",
          "assetId": "ZyV-MW8MdOs7",
          "checksum": "8f45e08b79e3b90327302e0f5527eb1c"
        },
        {
          "type": "renderModule",
          "assetId": "3mUqgmjQCo0V",
          "checksum": "abf6539a707fb9f7c4f3e0dce0fa3503"
        },
        {
          "type": "cssRules",
          "assetId": "3mUqgmjQCo0V",
          "checksum": "abf6539a707fb9f7c4f3e0dce0fa3503"
        },
        {
          "type": "renderModule",
          "assetId": "CK5UHDI9tVUp",
          "checksum": "2fefb806e056f648b743e656da5a3304"
        },
        {
          "type": "cssRules",
          "assetId": "CK5UHDI9tVUp",
          "checksum": "2fefb806e056f648b743e656da5a3304"
        },
        {
          "type": "icon",
          "assetId": "sdoInCPUhmIo",
          "checksum": "b5163da2f321e91291b3c2781bdcc605"
        },
        {
          "type": "icon",
          "assetId": "kI2nRM7D09Un",
          "checksum": "62bacebf230173f6eed6826dfc4dc8a0"
        },
        {
          "type": "icon",
          "assetId": "dh-MGpxHgTCX",
          "checksum": "ba4f3f02e1e25023dcbc65416e0fbbb6"
        },
        {
          "type": "icon",
          "assetId": "u3SdVCP3_t7X",
          "checksum": "6b45fd60631650bc6191dd4e5074371b"
        },
        {
          "type": "icon",
          "assetId": "Idn263l-bOkG",
          "checksum": "2ae9960d3573eef20748c4c974b27244"
        },
        {
          "type": "icon",
          "assetId": "4dmxdv8xdidv",
          "checksum": "02ee474dcbedae0cc0b2a517fdbb9743"
        },
        {
          "type": "icon",
          "assetId": "gcd3y2e5BElf",
          "checksum": "2914adec95a7f701815bca3e214896c5"
        },
        {
          "type": "icon",
          "assetId": "47BG9Q3TerEV",
          "checksum": "5cccb8d64aaacea79da5a2e0933e6714"
        },
        {
          "type": "icon",
          "assetId": "RchQe3XNEc5s",
          "checksum": "84e6180f61d8bb8a801553a3afb40c2e"
        },
        {
          "type": "icon",
          "assetId": "C3uXXQs0GU1V",
          "checksum": "ebefdff34c28dba93c38abcfc4e0166d"
        },
        {
          "type": "icon",
          "assetId": "lCjsu8LFYr_X",
          "checksum": "2fe44d8bef99f3c4457c971b833e7402"
        },
        {
          "type": "icon",
          "assetId": "RzLBx58_K55V",
          "checksum": "2fab1a2407794fbebfe4171e1d1d563b"
        },
        {
          "type": "icon",
          "assetId": "JlmrLAZfJ_DH",
          "checksum": "e0c6ae49daf2b0186e0ebba248196253"
        },
        {
          "type": "icon",
          "assetId": "NFPNT2GJY04B",
          "checksum": "810ec2973bdaac575c3123bd52aaa86c"
        },
        {
          "type": "icon",
          "assetId": "Oi99k_UBw-Ie",
          "checksum": "52025dfd4cdebe598c77e2178a1dc384"
        },
        {
          "type": "icon",
          "assetId": "nrLaEkFAg5ed",
          "checksum": "326d96d1743e1321e80dfc00a82c4dc4"
        },
        {
          "type": "icon",
          "assetId": "CL_LCNTfPrZU",
          "checksum": "42033f0c2c90fd369fd7ba82e2bac213"
        },
        {
          "type": "icon",
          "assetId": "EcxaVyqqbSLH",
          "checksum": "004905931058c7c8e6aebda2aa8ebedd"
        },
        {
          "type": "icon",
          "assetId": "WJfQfmrBXUbn",
          "checksum": "8e2e5d935ad3b1d8ba87dc068cc15796"
        },
        {
          "type": "icon",
          "assetId": "DSbAozIWcbmk",
          "checksum": "9b5befc62d813ba032618836c71130b1"
        },
        {
          "type": "icon",
          "assetId": "6iL-6HAtl-Rc",
          "checksum": "a4f4bd7e5988374d13b300954be2f920"
        },
        {
          "type": "icon",
          "assetId": "BUxAQ_7ZLTxO",
          "checksum": "7744a4c9e967c9b2783516916778b5cd"
        },
        {
          "type": "icon",
          "assetId": "-oYhJUfHMFp-",
          "checksum": "391c70d17984f88da797b0286b6f3171"
        },
        {
          "type": "icon",
          "assetId": "4jBKcP0Pzvui",
          "checksum": "c4dcedc64a1f88c41b925d1aca780c32"
        },
        {
          "type": "icon",
          "assetId": "JGPWjENQbDTF",
          "checksum": "783ce023188b4f7c49c09283c10ce0c5"
        },
        {
          "type": "icon",
          "assetId": "x-YY1OygnRIv",
          "checksum": "9b183d57cbee021fd36199499b61e0fb"
        },
        {
          "type": "icon",
          "assetId": "jdAUm1dqUXo-",
          "checksum": "ea1ee5b79422293d71264fa67a4062dc"
        },
        {
          "type": "icon",
          "assetId": "UyXoOAKHcX1y",
          "checksum": "2b2de8f6a7744af4533fe5c28c1b434e"
        },
        {
          "type": "icon",
          "assetId": "xjfpywWkuWxc",
          "checksum": "a8b4c565edc7e89b46afa3faa49fc410"
        },
        {
          "type": "icon",
          "assetId": "08MlqXYZAVf0",
          "checksum": "a6b7b24e51e84cb13044ffcb7de1cd8f"
        },
        {
          "type": "icon",
          "assetId": "fMSl89bn8sPy",
          "checksum": "0a86824dc5080f9d7f9e4bbe10a02b10"
        },
        {
          "type": "image",
          "assetId": "lMYFAevt-63x",
          "checksum": "7dfc3f08463ae315dac2c2e5d13049ff"
        },
        {
          "type": "image",
          "assetId": "5gmysb3UPbxv",
          "checksum": "e1d406b80e39c57a1b6e51c28f76740d"
        },
        {
          "type": "image",
          "assetId": "mhE2jU8EIkOh",
          "checksum": "6ac3223dc8161a7950b63c2d87e322c8"
        },
        {
          "type": "image",
          "assetId": "WBlcvWvuxzDM",
          "checksum": "adac938bb61d12451844433867ea3f98"
        },
        {
          "type": "image",
          "assetId": "g_Ccnopnpdr6",
          "checksum": "e90f5b52119e3726d71500da0162bce1"
        },
        {
          "type": "image",
          "assetId": "YXFbY13pe5rl",
          "checksum": "6be12349c7aad6386138d9befa3d5a0e"
        },
        {
          "type": "image",
          "assetId": "ZVfaqftzSZbJ",
          "checksum": "a932008fa3ecf84556da8e71ebd96fe7"
        },
        {
          "type": "image",
          "assetId": "nGYMWcNE1jFu",
          "checksum": "7bb132dd2972f82e3ca20246e6bf7239"
        },
        {
          "type": "image",
          "assetId": "h-VhrmNQ_H5-",
          "checksum": "f7d49d7ac82f607cfb476ead6816cfaf"
        },
        {
          "type": "image",
          "assetId": "S5bflBTsuohK",
          "checksum": "c651eb639bf31c56f8211d7ef1ece1a3"
        },
        {
          "type": "image",
          "assetId": "F-fXhb7zkeqG",
          "checksum": "d784eaf8d6ec90d146c383cb36ab3cf3"
        },
        {
          "type": "image",
          "assetId": "jAa45d79WYvj",
          "checksum": "9b5aa59affd007a8649995a47443de14"
        },
        {
          "type": "image",
          "assetId": "GfYqCHO8Cqdv",
          "checksum": "8d478d3144932f0945bf5576b44b6a84"
        },
        {
          "type": "image",
          "assetId": "dppztSKKIees",
          "checksum": "5411a702514a99b90ef4d373112b109c"
        },
        {
          "type": "image",
          "assetId": "8yVzfCoqCs1s",
          "checksum": "c49a2681aa180a9c7f29db7c24716924"
        },
        {
          "type": "image",
          "assetId": "uWIAxw0u8ygs",
          "checksum": "95692e7c22f9d0c9ff1a50ba496581d5"
        },
        {
          "type": "image",
          "assetId": "iUuMNBhvYqFD",
          "checksum": "26f7ae3fce17aa1f38aff081058d532d"
        },
        {
          "type": "image",
          "assetId": "VmQI3KdQquTU",
          "checksum": "ef80ee987d0082ee4213cc0a8c7e498e"
        },
        {
          "type": "image",
          "assetId": "nK46KGyQZ05e",
          "checksum": "2c6246d06c3bbf01b0e469a0b846d0be"
        },
        {
          "type": "image",
          "assetId": "Ojw1QzOR0yaF",
          "checksum": "fe677a8e6dcc6fc815f2a613ddca6894"
        },
        {
          "type": "image",
          "assetId": "NZDfomTteqq9",
          "checksum": "9d97af234e0e4b42241b5bfd1fd64121"
        },
        {
          "type": "image",
          "assetId": "-ky0KH9Vh2B-",
          "checksum": "a930f668607e745db1dfeacf6bee640e"
        },
        {
          "type": "image",
          "assetId": "uEriCIjcbWhv",
          "checksum": "8edaff56615cf8cb34ba6674af929579"
        },
        {
          "type": "image",
          "assetId": "6lT8yzKLYPqx",
          "checksum": "0b1c728904a093b00c07ab654d4d7711"
        },
        {
          "type": "image",
          "assetId": "Ojg4Ia8Sh1aR",
          "checksum": "71679ceabca4fae08e567f0234660f77"
        },
        {
          "type": "image",
          "assetId": "24ekJ2ZuvAOX",
          "checksum": "d434daaa131cac72c213630e4316a9c9"
        },
        {
          "type": "image",
          "assetId": "JTogvvKutZM2",
          "checksum": "726d765f09791a61a3decd30098f46a1"
        },
        {
          "type": "image",
          "assetId": "Eu4M2BrOSHLf",
          "checksum": "b8faf48b49d08ed974a4c7a14ccff92e"
        },
        {
          "type": "image",
          "assetId": "a9em1GmW0n5F",
          "checksum": "ea356359ff454f6864f7d2b6c27e27d6"
        },
        {
          "type": "image",
          "assetId": "IGU5ZTrTOzN1",
          "checksum": "b0d7414f5156596c6fc0f9689654113d"
        },
        {
          "type": "image",
          "assetId": "6Kwpzndl-OAc",
          "checksum": "a5350ca60d833d3494032aebde60c78f"
        },
        {
          "type": "image",
          "assetId": "Am2mnTwJQyEa",
          "checksum": "8802629305b26e36909e95ca642b4398"
        },
        {
          "type": "image",
          "assetId": "rLG3x2068KzH",
          "checksum": "e7b7860a1a2b32adb373441c5de61320"
        },
        {
          "type": "image",
          "assetId": "iHnNosrOmvFS",
          "checksum": "a3be09980877b8c3c61142f0a9dbbd8d"
        },
        {
          "type": "image",
          "assetId": "2U2E3_dxGXif",
          "checksum": "8bfaa6001dca1e4dda0926e02b5e6afb"
        },
        {
          "type": "image",
          "assetId": "WMv8PcC4s8w0",
          "checksum": "0d59a4fed8b1b5f1b6d37514a088258b"
        },
        {
          "type": "image",
          "assetId": "w7DxZC_4ZuSD",
          "checksum": "abb7b8cf9e0237ee199ca8d179e4682b"
        },
        {
          "type": "image",
          "assetId": "BQ_KUhNHiy2R",
          "checksum": "f565d79cf4ba82abec550d4f7324c96d"
        },
        {
          "type": "image",
          "assetId": "KywFBZX6N2Sz",
          "checksum": "23cc5dd39e2ee1acbc09b1b7907b2451"
        },
        {
          "type": "image",
          "assetId": "1N7k5Acf-C9F",
          "checksum": "f4340120dc17f6d82c82a106afd7c2c7"
        },
        {
          "type": "image",
          "assetId": "ugaNjsqVC9Ov",
          "checksum": "c0cb23ba138ff4840c23eea76726621b"
        },
        {
          "type": "image",
          "assetId": "frZGD8R-iGsY",
          "checksum": "da4b4b39be30918b123d91f5851e1ebe"
        },
        {
          "type": "image",
          "assetId": "jObRvwjkMI9i",
          "checksum": "d40afa098d87a4801b7e358711fac9d6"
        },
        {
          "type": "image",
          "assetId": "hwn636bLqRoO",
          "checksum": "dca657c3e388047310336f8c42ffdbd4"
        },
        {
          "type": "image",
          "assetId": "rBDIo68kI15P",
          "checksum": "3160b04e7f596932405198d659d747ec"
        },
        {
          "type": "image",
          "assetId": "ILXpYJ1LEQhi",
          "checksum": "a7a0ea532b5c7fba9e57b94419df9f25"
        },
        {
          "type": "image",
          "assetId": "DtRi2woaWok3",
          "checksum": "c3f8669041d2f4de9eca9f186f364291"
        },
        {
          "type": "image",
          "assetId": "g9AM0v9tHMIt",
          "checksum": "b83d0ce10b7e9537fd0536cee040e522"
        },
        {
          "type": "image",
          "assetId": "r1uaFrPhbD8O",
          "checksum": "8a16c945207c548a07180797ceef23ec"
        },
        {
          "type": "image",
          "assetId": "o-NMb9wYqZCI",
          "checksum": "ee1e998f36602e4e5e1d12065a83bc6f"
        },
        {
          "type": "image",
          "assetId": "oxIM_4UgBPNI",
          "checksum": "3bdcb079e06ce91959d0b7bc16d40517"
        },
        {
          "type": "image",
          "assetId": "m4jJCZ6qrxVE",
          "checksum": "be18a97d324214f4f8e815ef70389146"
        },
        {
          "type": "image",
          "assetId": "OTc5QhJp49W3",
          "checksum": "0ad1ef2314e4ed42a9981b33975d2998"
        },
        {
          "type": "image",
          "assetId": "zd5umBdiMFOb",
          "checksum": "d933033cf7e57c38c9d2e4a2917c52ed"
        },
        {
          "type": "image",
          "assetId": "hUv8_6z48HRN",
          "checksum": "47e1f106a0486dcb36e00ca0a898af3e"
        },
        {
          "type": "image",
          "assetId": "vUdCAqqUCu5J",
          "checksum": "d6de4dee3edd3d1c19724ad697d3fb10"
        },
        {
          "type": "image",
          "assetId": "9LUTQy4C69UW",
          "checksum": "6a3057cd1b0d1707ac82ff6c4424875b"
        },
        {
          "type": "image",
          "assetId": "cIEI9Z4SxJHs",
          "checksum": "d688cbaffa5b79a1cc4398d8da938833"
        },
        {
          "type": "image",
          "assetId": "2cLzh3Z-ZYwN",
          "checksum": "35d08eac0a1dac9af24d7a32c520fd44"
        },
        {
          "type": "image",
          "assetId": "Op21tjdPus6i",
          "checksum": "9ee1b9ce493343d6f6c08d15cdcc406d"
        },
        {
          "type": "image",
          "assetId": "Kkl3pFHYqIaY",
          "checksum": "adfdb173f8d123a5b7c61a2329e3dd7b"
        },
        {
          "type": "image",
          "assetId": "DJqoJ8PV2mRF",
          "checksum": "e44205b4f4bf182e3c8dcaab19e2a917"
        },
        {
          "type": "image",
          "assetId": "CZdKnenCgmLn",
          "checksum": "f1e666018ac6fe0d06d39dbe6b2f41fa"
        },
        {
          "type": "image",
          "assetId": "2EEq13AMMthr",
          "checksum": "637afd6e4172bb528a5fd1ec2aab5687"
        },
        {
          "type": "image",
          "assetId": "-H5zzPimIcXr",
          "checksum": "4305c788939ac8c0486275dc9bd6bfe3"
        },
        {
          "type": "image",
          "assetId": "dKLxO4P99RyZ",
          "checksum": "e1f2ac9d7f4966fca9ab3091da933378"
        },
        {
          "type": "image",
          "assetId": "EdGw6arFl1iN",
          "checksum": "b0ae7028ecc7e6afbf2598a55ea5219d"
        },
        {
          "type": "image",
          "assetId": "z6GVXz7QCWLr",
          "checksum": "eedcdf71a8557499b1cb35aee00a7cf6"
        },
        {
          "type": "image",
          "assetId": "AhgH2z1v8Z1N",
          "checksum": "ff90209cf597ad5e16bcdcabe215714a"
        },
        {
          "type": "image",
          "assetId": "gzPztlnpEq7H",
          "checksum": "cce88acf0071133e74d2b7dc0b11d082"
        },
        {
          "type": "image",
          "assetId": "2Ip3_NSyT2cf",
          "checksum": "fae4a28a603b752527505f6c519f4427"
        },
        {
          "type": "image",
          "assetId": "znCQj3s3cqj3",
          "checksum": "2567efe9fe8904636c88ad0d29422e13"
        },
        {
          "type": "image",
          "assetId": "ZMWwNVqAP1_F",
          "checksum": "c7926515ce3f69c48552a6eb025e4202"
        }
      ],
      "codegenVersion": "0.0.1"
    }
  ],
  "cliVersion": "0.1.336"
}
